
Microsoft Visual Studio Solution File, Format Version 12.00
# Visual Studio 15
VisualStudioVersion = 15.0.27703.2018
MinimumVisualStudioVersion = 10.0.40219.1
Project("{FAE04EC0-301F-11D3-BF4B-00C04F79EFBC}") = "Snake", "Snake\Snake.csproj", "{21075C1B-FB24-493A-A267-A32D7988830C}"
EndProject
Global
	GlobalSection(SolutionConfigurationPlatforms) = preSolution
		Debug|Any CPU = Debug|Any CPU
		Release|Any CPU = Release|Any CPU
	EndGlobalSection
	GlobalSection(ProjectConfigurationPlatforms) = postSolution
		{21075C1B-FB24-493A-A267-A32D7988830C}.Debug|Any CPU.ActiveCfg = Debug|Any CPU
		{21075C1B-FB24-493A-A267-A32D7988830C}.Debug|Any CPU.Build.0 = Debug|Any CPU
		{21075C1B-FB24-493A-A267-A32D7988830C}.Release|Any CPU.ActiveCfg = Release|Any CPU
		{21075C1B-FB24-493A-A267-A32D7988830C}.Release|Any CPU.Build.0 = Release|Any CPU
	EndGlobalSection
	GlobalSection(SolutionProperties) = preSolution
		HideSolutionNode = FALSE
	EndGlobalSection
	GlobalSection(ExtensibilityGlobals) = postSolution
		SolutionGuid = {C38257C4-1E76-4F0A-BFC3-BE557E9CE661}
	EndGlobalSection
EndGlobal
